
Microsoft Visual Studio Solution File, Format Version 12.00
# Visual Studio 15
VisualStudioVersion = 15.0.26730.16
MinimumVisualStudioVersion = 10.0.40219.1
Project("{9A19103F-16F7-4668-BE54-9A1E7A4F7556}") = "HotelReservation.Models", "HotelReservation.Models\HotelReservation.Models.csproj", "{6978855A-1031-4BA2-B8BF-BC91B9049DBA}"
EndProject
Project("{2150E333-8FDC-42A3-9474-1A3956D46DE8}") = "Shared", "Shared", "{87DE3457-2E8C-47F4-B6EB-5D84B4F661AD}"
EndProject
Project("{2150E333-8FDC-42A3-9474-1A3956D46DE8}") = "Data", "Data", "{36A3E385-0A3F-4CAB-A30F-C154FA89A1B9}"
EndProject
Project("{2150E333-8FDC-42A3-9474-1A3956D46DE8}") = "Presentation", "Presentation", "{D4A8A741-8E0D-44BB-83D2-22DA5E0858B3}"
EndProject
Project("{2150E333-8FDC-42A3-9474-1A3956D46DE8}") = "Services", "Services", "{806815D0-3670-4B0D-B186-F61BD132B7A6}"
EndProject
Project("{2150E333-8FDC-42A3-9474-1A3956D46DE8}") = "Test", "Test", "{1CF68574-626C-4530-8887-2429F5F7948C}"
EndProject
Project("{FAE04EC0-301F-11D3-BF4B-00C04F79EFBC}") = "HotelReservation.Data.Common", "HotelReservation.Data.Common\HotelReservation.Data.Common.csproj", "{D1DD271D-A18F-42A9-92C8-4434C2274B52}"
EndProject
Project("{FAE04EC0-301F-11D3-BF4B-00C04F79EFBC}") = "HotelReservation.Data.Repositories", "HotelReservation.Data.Repositories\HotelReservation.Data.Repositories.csproj", "{83AB6E04-0754-4D44-A8D5-60DDBEC4D074}"
EndProject
Project("{FAE04EC0-301F-11D3-BF4B-00C04F79EFBC}") = "HotelReservation.Data.SQL", "HotelReservation.Data.SQL\HotelReservation.Data.SQL.csproj", "{B7FE2FDC-A5D4-4A50-A872-4451B317F171}"
EndProject
Global
	GlobalSection(SolutionConfigurationPlatforms) = preSolution
		Debug|Any CPU = Debug|Any CPU
		Release|Any CPU = Release|Any CPU
	EndGlobalSection
	GlobalSection(ProjectConfigurationPlatforms) = postSolution
		{6978855A-1031-4BA2-B8BF-BC91B9049DBA}.Debug|Any CPU.ActiveCfg = Debug|Any CPU
		{6978855A-1031-4BA2-B8BF-BC91B9049DBA}.Debug|Any CPU.Build.0 = Debug|Any CPU
		{6978855A-1031-4BA2-B8BF-BC91B9049DBA}.Release|Any CPU.ActiveCfg = Release|Any CPU
		{6978855A-1031-4BA2-B8BF-BC91B9049DBA}.Release|Any CPU.Build.0 = Release|Any CPU
		{D1DD271D-A18F-42A9-92C8-4434C2274B52}.Debug|Any CPU.ActiveCfg = Debug|Any CPU
		{D1DD271D-A18F-42A9-92C8-4434C2274B52}.Debug|Any CPU.Build.0 = Debug|Any CPU
		{D1DD271D-A18F-42A9-92C8-4434C2274B52}.Release|Any CPU.ActiveCfg = Release|Any CPU
		{D1DD271D-A18F-42A9-92C8-4434C2274B52}.Release|Any CPU.Build.0 = Release|Any CPU
		{83AB6E04-0754-4D44-A8D5-60DDBEC4D074}.Debug|Any CPU.ActiveCfg = Debug|Any CPU
		{83AB6E04-0754-4D44-A8D5-60DDBEC4D074}.Debug|Any CPU.Build.0 = Debug|Any CPU
		{83AB6E04-0754-4D44-A8D5-60DDBEC4D074}.Release|Any CPU.ActiveCfg = Release|Any CPU
		{83AB6E04-0754-4D44-A8D5-60DDBEC4D074}.Release|Any CPU.Build.0 = Release|Any CPU
		{B7FE2FDC-A5D4-4A50-A872-4451B317F171}.Debug|Any CPU.ActiveCfg = Debug|Any CPU
		{B7FE2FDC-A5D4-4A50-A872-4451B317F171}.Debug|Any CPU.Build.0 = Debug|Any CPU
		{B7FE2FDC-A5D4-4A50-A872-4451B317F171}.Release|Any CPU.ActiveCfg = Release|Any CPU
		{B7FE2FDC-A5D4-4A50-A872-4451B317F171}.Release|Any CPU.Build.0 = Release|Any CPU
	EndGlobalSection
	GlobalSection(SolutionProperties) = preSolution
		HideSolutionNode = FALSE
	EndGlobalSection
	GlobalSection(NestedProjects) = preSolution
		{6978855A-1031-4BA2-B8BF-BC91B9049DBA} = {87DE3457-2E8C-47F4-B6EB-5D84B4F661AD}
		{D1DD271D-A18F-42A9-92C8-4434C2274B52} = {36A3E385-0A3F-4CAB-A30F-C154FA89A1B9}
		{83AB6E04-0754-4D44-A8D5-60DDBEC4D074} = {36A3E385-0A3F-4CAB-A30F-C154FA89A1B9}
		{B7FE2FDC-A5D4-4A50-A872-4451B317F171} = {36A3E385-0A3F-4CAB-A30F-C154FA89A1B9}
	EndGlobalSection
	GlobalSection(ExtensibilityGlobals) = postSolution
		SolutionGuid = {D5DC870F-8861-4F9E-B544-A2375AF702B4}
	EndGlobalSection
EndGlobal
